
Microsoft Visual Studio Solution File, Format Version 12.00
# Visual Studio Version 16
VisualStudioVersion = 16.0.30002.166
MinimumVisualStudioVersion = 10.0.40219.1
Project("{FAE04EC0-301F-11D3-BF4B-00C04F79EFBC}") = "DegerDondurmeyenMetotlar", "DegerDondurmeyenMetotlar\DegerDondurmeyenMetotlar.csproj", "{DDDC61C7-032A-4818-9FE5-0FC72D26060D}"
EndProject
Global
	GlobalSection(SolutionConfigurationPlatforms) = preSolution
		Debug|Any CPU = Debug|Any CPU
		Release|Any CPU = Release|Any CPU
	EndGlobalSection
	GlobalSection(ProjectConfigurationPlatforms) = postSolution
		{DDDC61C7-032A-4818-9FE5-0FC72D26060D}.Debug|Any CPU.ActiveCfg = Debug|Any CPU
		{DDDC61C7-032A-4818-9FE5-0FC72D26060D}.Debug|Any CPU.Build.0 = Debug|Any CPU
		{DDDC61C7-032A-4818-9FE5-0FC72D26060D}.Release|Any CPU.ActiveCfg = Release|Any CPU
		{DDDC61C7-032A-4818-9FE5-0FC72D26060D}.Release|Any CPU.Build.0 = Release|Any CPU
	EndGlobalSection
	GlobalSection(SolutionProperties) = preSolution
		HideSolutionNode = FALSE
	EndGlobalSection
	GlobalSection(ExtensibilityGlobals) = postSolution
		SolutionGuid = {FA7FA802-9DF5-4194-B086-B3F7E7FEA8E6}
	EndGlobalSection
EndGlobal
